
Microsoft Visual Studio Solution File, Format Version 12.00
# Visual Studio 15
VisualStudioVersion = 15.0.27130.2010
MinimumVisualStudioVersion = 10.0.40219.1
Project("{FAE04EC0-301F-11D3-BF4B-00C04F79EFBC}") = "OOPAndOther", "OOPAndOther.csproj", "{8C1F63B6-A222-4E2C-AB3C-278BDD364E59}"
EndProject
Global
	GlobalSection(SolutionConfigurationPlatforms) = preSolution
		Debug|Any CPU = Debug|Any CPU
		Release|Any CPU = Release|Any CPU
	EndGlobalSection
	GlobalSection(ProjectConfigurationPlatforms) = postSolution
		{8C1F63B6-A222-4E2C-AB3C-278BDD364E59}.Debug|Any CPU.ActiveCfg = Debug|Any CPU
		{8C1F63B6-A222-4E2C-AB3C-278BDD364E59}.Debug|Any CPU.Build.0 = Debug|Any CPU
		{8C1F63B6-A222-4E2C-AB3C-278BDD364E59}.Release|Any CPU.ActiveCfg = Release|Any CPU
		{8C1F63B6-A222-4E2C-AB3C-278BDD364E59}.Release|Any CPU.Build.0 = Release|Any CPU
	EndGlobalSection
	GlobalSection(SolutionProperties) = preSolution
		HideSolutionNode = FALSE
	EndGlobalSection
	GlobalSection(ExtensibilityGlobals) = postSolution
		SolutionGuid = {AC6F9757-C03D-4378-83AB-E0981C9E3DC0}
	EndGlobalSection
EndGlobal
